<?xml version="1.0" encoding="utf-8"?>
<Project ToolsVersion="4.0" xmlns="http://schemas.microsoft.com/developer/msbuild/2003">
  <ItemGroup>
    <Filter Include="Source Files">
      <UniqueIdentifier>{4FC737F1-C7A5-4376-A066-2A32D752A2FF}</UniqueIdentifier>
      <Extensions>cpp;c;cc;cxx;def;odl;idl;hpj;bat;asm;asmx</Extensions>
    </Filter>
    <Filter Include="Header Files">
      <UniqueIdentifier>{93995380-89BD-4b04-88EB-625FBE52EBFB}</UniqueIdentifier>
      <Extensions>h;hh;hpp;hxx;hm;inl;inc;xsd</Extensions>
    </Filter>
    <Filter Include="Resource Files">
      <UniqueIdentifier>{67DA6AB6-F800-4c08-8B7A-83BB121AAD01}</UniqueIdentifier>
      <Extensions>rc;ico;cur;bmp;dlg;rc2;rct;bin;rgs;gif;jpg;jpeg;jpe;resx;tiff;tif;png;wav;mfcribbon-ms</Extensions>
    </Filter>
    <Filter Include="Header Files\Rendering">
      <UniqueIdentifier>{4365f6f1-301a-4078-a024-0fc1923194ac}</UniqueIdentifier>
    </Filter>
    <Filter Include="Header Files\Physics">
      <UniqueIdentifier>{c7e42546-2ea5-4dc8-8133-3cf99d101ac9}</UniqueIdentifier>
    </Filter>
    <Filter Include="Header Files\Systems">
      <UniqueIdentifier>{db40ca85-e22e-435b-8fc9-043f33881530}</UniqueIdentifier>
    </Filter>
    <Filter Include="Header Files\Components">
      <UniqueIdentifier>{898637fc-e751-4a90-a303-a2be9be85961}</UniqueIdentifier>
    </Filter>
    <Filter Include="Header Files\Physics\2D">
      <UniqueIdentifier>{248c4fcd-52a9-49f0-86d4-c631ce80ce53}</UniqueIdentifier>
    </Filter>
    <Filter Include="Header Files\Physics\3D">
      <UniqueIdentifier>{ac3d147b-0c35-4881-a498-5ea2466148a2}</UniqueIdentifier>
    </Filter>
    <Filter Include="Source Files\Components">
      <UniqueIdentifier>{fb7fc98e-2164-419f-a659-172be60c1117}</UniqueIdentifier>
    </Filter>
    <Filter Include="Source Files\Physics">
      <UniqueIdentifier>{428d07f7-1cc0-4dd1-84e7-281abeb7de61}</UniqueIdentifier>
    </Filter>
    <Filter Include="Source Files\Rendering">
      <UniqueIdentifier>{d66c5680-02cf-406e-b365-859bae40a79c}</UniqueIdentifier>
    </Filter>
    <Filter Include="Source Files\Physics\2D">
      <UniqueIdentifier>{4e712770-460c-4fa0-b5a8-57480c87b36c}</UniqueIdentifier>
    </Filter>
    <Filter Include="Source Files\Physics\3D">
      <UniqueIdentifier>{07e69117-278e-4b23-ad62-909016fd8471}</UniqueIdentifier>
    </Filter>
    <Filter Include="Header Files\Systems\2D">
      <UniqueIdentifier>{d71fe756-9798-4399-8cbf-00329d5dc6d7}</UniqueIdentifier>
    </Filter>
    <Filter Include="Header Files\Systems\3D">
      <UniqueIdentifier>{6ef509bc-a8cf-4c7f-b7e0-e1d13dfd5f4b}</UniqueIdentifier>
    </Filter>
    <Filter Include="Source Files\Core">
      <UniqueIdentifier>{60cde474-b2e9-4b10-8d4f-421945f7c692}</UniqueIdentifier>
    </Filter>
    <Filter Include="Header Files\Core">
      <UniqueIdentifier>{e7436de4-90d1-4bff-b16c-ff1df5c831f1}</UniqueIdentifier>
    </Filter>
    <Filter Include="Source Files\Components\2D">
      <UniqueIdentifier>{4bf2948e-71a0-4a80-ba4e-eddb38ed2618}</UniqueIdentifier>
    </Filter>
    <Filter Include="Source Files\Components\3D">
      <UniqueIdentifier>{97f098da-b7c7-4079-9ac9-1f9528c8bb88}</UniqueIdentifier>
    </Filter>
    <Filter Include="Header Files\Components\2D">
      <UniqueIdentifier>{44b28342-070d-4526-8c33-9a2853640a71}</UniqueIdentifier>
    </Filter>
    <Filter Include="Header Files\Components\3D">
      <UniqueIdentifier>{229fd676-a9e1-4693-9156-d89d4a6c13a1}</UniqueIdentifier>
    </Filter>
  </ItemGroup>
  <ItemGroup>
    <ClInclude Include="Camera.h">
      <Filter>Header Files\Components</Filter>
    </ClInclude>
    <ClInclude Include="Lifespan.h">
      <Filter>Header Files\Components</Filter>
    </ClInclude>
    <ClInclude Include="PlayerController.h">
      <Filter>Header Files\Components</Filter>
    </ClInclude>
    <ClInclude Include="Component.h">
      <Filter>Header Files\Core</Filter>
    </ClInclude>
    <ClInclude Include="Input.h">
      <Filter>Header Files\Core</Filter>
    </ClInclude>
    <ClInclude Include="Time.h">
      <Filter>Header Files\Core</Filter>
    </ClInclude>
    <ClInclude Include="Window.h">
      <Filter>Header Files\Core</Filter>
    </ClInclude>
    <ClInclude Include="Entity.h">
      <Filter>Header Files\Core</Filter>
    </ClInclude>
    <ClInclude Include="SystemStructure.h">
      <Filter>Header Files\Core</Filter>
    </ClInclude>
    <ClInclude Include="Assets.h">
      <Filter>Header Files\Core</Filter>
    </ClInclude>
    <ClInclude Include="CollisionDetection2D.h">
      <Filter>Header Files\Systems\2D</Filter>
    </ClInclude>
    <ClInclude Include="DynamicCollisionResolution2D.h">
      <Filter>Header Files\Systems\2D</Filter>
    </ClInclude>
    <ClInclude Include="RigidbodyDynamics2D.h">
      <Filter>Header Files\Systems\2D</Filter>
    </ClInclude>
    <ClInclude Include="StaticCollisionResolution2D.h">
      <Filter>Header Files\Systems\2D</Filter>
    </ClInclude>
    <ClInclude Include="TriggerCollisionResolution2D.h">
      <Filter>Header Files\Systems\2D</Filter>
    </ClInclude>
    <ClInclude Include="CollisionDetection3D.h">
      <Filter>Header Files\Systems\3D</Filter>
    </ClInclude>
    <ClInclude Include="DynamicCollisionResolution3D.h">
      <Filter>Header Files\Systems\3D</Filter>
    </ClInclude>
    <ClInclude Include="RigidbodyDynamics3D.h">
      <Filter>Header Files\Systems\3D</Filter>
    </ClInclude>
    <ClInclude Include="StaticCollisionResolution3D.h">
      <Filter>Header Files\Systems\3D</Filter>
    </ClInclude>
    <ClInclude Include="TriggerCollisionResolution3D.h">
      <Filter>Header Files\Systems\3D</Filter>
    </ClInclude>
    <ClInclude Include="Render.h">
      <Filter>Header Files\Systems</Filter>
    </ClInclude>
    <ClInclude Include="PlayerUpdate.h">
      <Filter>Header Files\Systems</Filter>
    </ClInclude>
    <ClInclude Include="Circle.h">
      <Filter>Header Files\Physics\2D</Filter>
    </ClInclude>
    <ClInclude Include="Plane2D.h">
      <Filter>Header Files\Physics\2D</Filter>
    </ClInclude>
    <ClInclude Include="Ray2D.h">
      <Filter>Header Files\Physics\2D</Filter>
    </ClInclude>
    <ClInclude Include="Convex2D.h">
      <Filter>Header Files\Physics\2D</Filter>
    </ClInclude>
    <ClInclude Include="Sphere.h">
      <Filter>Header Files\Physics\3D</Filter>
    </ClInclude>
    <ClInclude Include="Plane3D.h">
      <Filter>Header Files\Physics\3D</Filter>
    </ClInclude>
    <ClInclude Include="Ray3D.h">
      <Filter>Header Files\Physics\3D</Filter>
    </ClInclude>
    <ClInclude Include="Convex3D.h">
      <Filter>Header Files\Physics\3D</Filter>
    </ClInclude>
    <ClInclude Include="Animator2D.h">
      <Filter>Header Files\Components\2D</Filter>
    </ClInclude>
    <ClInclude Include="Collider2D.h">
      <Filter>Header Files\Components\2D</Filter>
    </ClInclude>
    <ClInclude Include="Sprite.h">
      <Filter>Header Files\Components\2D</Filter>
    </ClInclude>
    <ClInclude Include="Rigidbody2D.h">
      <Filter>Header Files\Components\2D</Filter>
    </ClInclude>
    <ClInclude Include="Animator3D.h">
      <Filter>Header Files\Components\3D</Filter>
    </ClInclude>
    <ClInclude Include="Collider3D.h">
      <Filter>Header Files\Components\3D</Filter>
    </ClInclude>
    <ClInclude Include="Model.h">
      <Filter>Header Files\Components\3D</Filter>
    </ClInclude>
    <ClInclude Include="Rigidbody3D.h">
      <Filter>Header Files\Components\3D</Filter>
    </ClInclude>
    <ClInclude Include="Transform.h">
      <Filter>Header Files\Components</Filter>
    </ClInclude>
    <ClInclude Include="Settings.h">
      <Filter>Header Files</Filter>
    </ClInclude>
    <ClInclude Include="CollisionData.h">
      <Filter>Header Files\Physics</Filter>
    </ClInclude>
    <ClInclude Include="AABB2D.h">
      <Filter>Header Files\Physics\2D</Filter>
    </ClInclude>
    <ClInclude Include="AABB3D.h">
      <Filter>Header Files\Physics\3D</Filter>
    </ClInclude>
    <ClInclude Include="JTE.h">
      <Filter>Header Files</Filter>
    </ClInclude>
    <ClInclude Include="Light.h">
      <Filter>Header Files\Components</Filter>
    </ClInclude>
    <ClInclude Include="RenderDeclarations.h">
      <Filter>Header Files\Rendering</Filter>
    </ClInclude>
    <ClInclude Include="RenderStructures.h">
      <Filter>Header Files\Rendering</Filter>
    </ClInclude>
    <ClInclude Include="RenderUtilities.h">
      <Filter>Header Files\Rendering</Filter>
    </ClInclude>
  </ItemGroup>
  <ItemGroup>
    <ClCompile Include="Circle.cpp">
      <Filter>Source Files\Physics\2D</Filter>
    </ClCompile>
    <ClCompile Include="Ray2D.cpp">
      <Filter>Source Files\Physics\2D</Filter>
    </ClCompile>
    <ClCompile Include="Plane2D.cpp">
      <Filter>Source Files\Physics\2D</Filter>
    </ClCompile>
    <ClCompile Include="Convex2D.cpp">
      <Filter>Source Files\Physics\2D</Filter>
    </ClCompile>
    <ClCompile Include="Sphere.cpp">
      <Filter>Source Files\Physics\3D</Filter>
    </ClCompile>
    <ClCompile Include="Plane3D.cpp">
      <Filter>Source Files\Physics\3D</Filter>
    </ClCompile>
    <ClCompile Include="Ray3D.cpp">
      <Filter>Source Files\Physics\3D</Filter>
    </ClCompile>
    <ClCompile Include="Convex3D.cpp">
      <Filter>Source Files\Physics\3D</Filter>
    </ClCompile>
    <ClCompile Include="Assets.cpp">
      <Filter>Source Files\Core</Filter>
    </ClCompile>
    <ClCompile Include="Window.cpp">
      <Filter>Source Files\Core</Filter>
    </ClCompile>
    <ClCompile Include="Input.cpp">
      <Filter>Source Files\Core</Filter>
    </ClCompile>
    <ClCompile Include="Time.cpp">
      <Filter>Source Files\Core</Filter>
    </ClCompile>
    <ClCompile Include="Camera.cpp">
      <Filter>Source Files\Components</Filter>
    </ClCompile>
    <ClCompile Include="Lifespan.cpp">
      <Filter>Source Files\Components</Filter>
    </ClCompile>
    <ClCompile Include="PlayerController.cpp">
      <Filter>Source Files\Components</Filter>
    </ClCompile>
    <ClCompile Include="Animator2D.cpp">
      <Filter>Source Files\Components\2D</Filter>
    </ClCompile>
    <ClCompile Include="Collider2D.cpp">
      <Filter>Source Files\Components\2D</Filter>
    </ClCompile>
    <ClCompile Include="Rigidbody2D.cpp">
      <Filter>Source Files\Components\2D</Filter>
    </ClCompile>
    <ClCompile Include="Sprite.cpp">
      <Filter>Source Files\Components\2D</Filter>
    </ClCompile>
    <ClCompile Include="Rigidbody3D.cpp">
      <Filter>Source Files\Components\3D</Filter>
    </ClCompile>
    <ClCompile Include="Model.cpp">
      <Filter>Source Files\Components\3D</Filter>
    </ClCompile>
    <ClCompile Include="Collider3D.cpp">
      <Filter>Source Files\Components\3D</Filter>
    </ClCompile>
    <ClCompile Include="Animator3D.cpp">
      <Filter>Source Files\Components\3D</Filter>
    </ClCompile>
    <ClCompile Include="Transform.cpp">
      <Filter>Source Files\Components</Filter>
    </ClCompile>
    <ClCompile Include="AABB2D.cpp">
      <Filter>Source Files\Physics\2D</Filter>
    </ClCompile>
    <ClCompile Include="AABB3D.cpp">
      <Filter>Source Files\Physics\3D</Filter>
    </ClCompile>
    <ClCompile Include="RenderUtilities.cpp">
      <Filter>Source Files\Rendering</Filter>
    </ClCompile>
    <ClCompile Include="RenderStructures.cpp">
      <Filter>Source Files\Rendering</Filter>
    </ClCompile>
  </ItemGroup>
</Project>